schema: '2.0'
stages:
  load_data:
    cmd: python src/load_data.py --config=params.yaml
    deps:
    - path: data_given/car_prices.csv
      md5: 3ad389bc1c1d5c9c868c64ba9e590a44
      size: 26717
    - path: src/get_data.py
      md5: a7ec5be96938556817047019296ce102
      size: 584
    - path: src/load_data.py
      md5: 252ea534d22593973793cae14e348fd8
      size: 868
    outs:
    - path: data/raw/car_prices.csv
      md5: f9a3b0a5c6bd4aefa508969608c34293
      size: 19495
  split_data:
    cmd: python src/split_data.py --config=params.yaml
    deps:
    - path: data/raw/car_prices.csv
      md5: f9a3b0a5c6bd4aefa508969608c34293
      size: 19495
    - path: src/split_data.py
      md5: fefb0ccdf8d264c8befeefc44fb01cb5
      size: 941
    outs:
    - path: data/processed/test_car_prices.csv
      md5: fd7f817e12aef975ce8cc91d39a23643
      size: 4122
    - path: data/processed/train_car_prices.csv
      md5: 3011df4a6bfa4ed67d1fc6952c4fa4e4
      size: 15640
  train_and_evaluate:
    cmd: python src/train_and_evaluate.py
    deps:
    - path: data/processed/test_car_prices.csv
      md5: fd7f817e12aef975ce8cc91d39a23643
      size: 4122
    - path: data/processed/train_car_prices.csv
      md5: 3011df4a6bfa4ed67d1fc6952c4fa4e4
      size: 15640
    - path: src/train_and_evaluate.py
      md5: 701554323d0c0cb45a9893b1b1eae4a1
      size: 2477
    params:
      params.yaml:
        Estimators.ElasticNet.params.alpha: 0.88
        Estimators.ElasticNet.params.l1_ratio: 0.89
    outs:
    - path: reports/params.json
      md5: 26312262403ce17dfd7e69952bb73470
      size: 46
    - path: reports/scores.json
      md5: 5a49103dc2b327bb8b59d6951b83bb63
      size: 96
    - path: saved_models/model.joblib
      md5: 09d7ccb2daadfeb2bd5a2c6d6fc59076
      size: 1635
